
Microsoft Visual Studio Solution File, Format Version 12.00
# Visual Studio Version 17
VisualStudioVersion = 17.4.33213.308
MinimumVisualStudioVersion = 10.0.40219.1
Project("{9A19103F-16F7-4668-BE54-9A1E7A4F7556}") = "PhoneBookApp.Services.Contacts", "PhoneBookApp.Services.Contacts\PhoneBookApp.Services.Contacts.csproj", "{BA167912-6AA1-4046-BAA2-5A8C9CA6B5E4}"
EndProject
Project("{54A90642-561A-4BB1-A94E-469ADEE60C69}") = "PhoneBookApp.Web", "PhoneBookApp.Web\PhoneBookApp.Web.esproj", "{E0545955-9795-4132-BFEF-86993F683828}"
	ProjectSection(ProjectDependencies) = postProject
		{BA167912-6AA1-4046-BAA2-5A8C9CA6B5E4} = {BA167912-6AA1-4046-BAA2-5A8C9CA6B5E4}
	EndProjectSection
EndProject
Global
	GlobalSection(SolutionConfigurationPlatforms) = preSolution
		Debug|Any CPU = Debug|Any CPU
		Release|Any CPU = Release|Any CPU
	EndGlobalSection
	GlobalSection(ProjectConfigurationPlatforms) = postSolution
		{BA167912-6AA1-4046-BAA2-5A8C9CA6B5E4}.Debug|Any CPU.ActiveCfg = Debug|Any CPU
		{BA167912-6AA1-4046-BAA2-5A8C9CA6B5E4}.Debug|Any CPU.Build.0 = Debug|Any CPU
		{BA167912-6AA1-4046-BAA2-5A8C9CA6B5E4}.Release|Any CPU.ActiveCfg = Release|Any CPU
		{BA167912-6AA1-4046-BAA2-5A8C9CA6B5E4}.Release|Any CPU.Build.0 = Release|Any CPU
		{E0545955-9795-4132-BFEF-86993F683828}.Debug|Any CPU.ActiveCfg = Debug|Any CPU
		{E0545955-9795-4132-BFEF-86993F683828}.Debug|Any CPU.Build.0 = Debug|Any CPU
		{E0545955-9795-4132-BFEF-86993F683828}.Debug|Any CPU.Deploy.0 = Debug|Any CPU
		{E0545955-9795-4132-BFEF-86993F683828}.Release|Any CPU.ActiveCfg = Release|Any CPU
		{E0545955-9795-4132-BFEF-86993F683828}.Release|Any CPU.Build.0 = Release|Any CPU
		{E0545955-9795-4132-BFEF-86993F683828}.Release|Any CPU.Deploy.0 = Release|Any CPU
	EndGlobalSection
	GlobalSection(SolutionProperties) = preSolution
		HideSolutionNode = FALSE
	EndGlobalSection
	GlobalSection(ExtensibilityGlobals) = postSolution
		SolutionGuid = {DF6E0011-89F6-413E-9679-1F2621FAD262}
	EndGlobalSection
EndGlobal
